
Microsoft Visual Studio Solution File, Format Version 12.00
# Visual Studio 15
VisualStudioVersion = 15.0.26430.14
MinimumVisualStudioVersion = 10.0.40219.1
Project("{FAE04EC0-301F-11D3-BF4B-00C04F79EFBC}") = "ScottCognitiveApp.Android", "ScottCognitiveApp\ScottCognitiveApp.Android\ScottCognitiveApp.Android.csproj", "{519A36AF-F3DD-42FB-84DB-B83AAB17DAC8}"
EndProject
Project("{FAE04EC0-301F-11D3-BF4B-00C04F79EFBC}") = "ScottCognitiveApp", "ScottCognitiveApp\ScottCognitiveApp\ScottCognitiveApp.csproj", "{20A7DCBF-F46F-4CD0-B860-0DE13915C30B}"
EndProject
Project("{FAE04EC0-301F-11D3-BF4B-00C04F79EFBC}") = "ScottCognitiveApp.UWP", "ScottCognitiveApp\ScottCognitiveApp.UWP\ScottCognitiveApp.UWP.csproj", "{C773722A-65AE-472E-AE64-E8AB2C6AE27F}"
EndProject
Project("{FAE04EC0-301F-11D3-BF4B-00C04F79EFBC}") = "ScottCognitiveApp.iOS", "ScottCognitiveApp\ScottCognitiveApp.iOS\ScottCognitiveApp.iOS.csproj", "{09E0DB26-9815-468D-A3F9-E3E835C1D842}"
EndProject
Global
	GlobalSection(SolutionConfigurationPlatforms) = preSolution
		Ad-Hoc|Any CPU = Ad-Hoc|Any CPU
		Ad-Hoc|ARM = Ad-Hoc|ARM
		Ad-Hoc|iPhone = Ad-Hoc|iPhone
		Ad-Hoc|iPhoneSimulator = Ad-Hoc|iPhoneSimulator
		Ad-Hoc|x64 = Ad-Hoc|x64
		Ad-Hoc|x86 = Ad-Hoc|x86
		AppStore|Any CPU = AppStore|Any CPU
		AppStore|ARM = AppStore|ARM
		AppStore|iPhone = AppStore|iPhone
		AppStore|iPhoneSimulator = AppStore|iPhoneSimulator
		AppStore|x64 = AppStore|x64
		AppStore|x86 = AppStore|x86
		Debug|Any CPU = Debug|Any CPU
		Debug|ARM = Debug|ARM
		Debug|iPhone = Debug|iPhone
		Debug|iPhoneSimulator = Debug|iPhoneSimulator
		Debug|x64 = Debug|x64
		Debug|x86 = Debug|x86
		Release|Any CPU = Release|Any CPU
		Release|ARM = Release|ARM
		Release|iPhone = Release|iPhone
		Release|iPhoneSimulator = Release|iPhoneSimulator
		Release|x64 = Release|x64
		Release|x86 = Release|x86
	EndGlobalSection
	GlobalSection(ProjectConfigurationPlatforms) = postSolution
		{519A36AF-F3DD-42FB-84DB-B83AAB17DAC8}.Ad-Hoc|Any CPU.ActiveCfg = Release|Any CPU
		{519A36AF-F3DD-42FB-84DB-B83AAB17DAC8}.Ad-Hoc|Any CPU.Build.0 = Release|Any CPU
		{519A36AF-F3DD-42FB-84DB-B83AAB17DAC8}.Ad-Hoc|Any CPU.Deploy.0 = Release|Any CPU
		{519A36AF-F3DD-42FB-84DB-B83AAB17DAC8}.Ad-Hoc|ARM.ActiveCfg = Release|Any CPU
		{519A36AF-F3DD-42FB-84DB-B83AAB17DAC8}.Ad-Hoc|ARM.Build.0 = Release|Any CPU
		{519A36AF-F3DD-42FB-84DB-B83AAB17DAC8}.Ad-Hoc|ARM.Deploy.0 = Release|Any CPU
		{519A36AF-F3DD-42FB-84DB-B83AAB17DAC8}.Ad-Hoc|iPhone.ActiveCfg = Release|Any CPU
		{519A36AF-F3DD-42FB-84DB-B83AAB17DAC8}.Ad-Hoc|iPhone.Build.0 = Release|Any CPU
		{519A36AF-F3DD-42FB-84DB-B83AAB17DAC8}.Ad-Hoc|iPhone.Deploy.0 = Release|Any CPU
		{519A36AF-F3DD-42FB-84DB-B83AAB17DAC8}.Ad-Hoc|iPhoneSimulator.ActiveCfg = Release|Any CPU
		{519A36AF-F3DD-42FB-84DB-B83AAB17DAC8}.Ad-Hoc|iPhoneSimulator.Build.0 = Release|Any CPU
		{519A36AF-F3DD-42FB-84DB-B83AAB17DAC8}.Ad-Hoc|iPhoneSimulator.Deploy.0 = Release|Any CPU
		{519A36AF-F3DD-42FB-84DB-B83AAB17DAC8}.Ad-Hoc|x64.ActiveCfg = Release|Any CPU
		{519A36AF-F3DD-42FB-84DB-B83AAB17DAC8}.Ad-Hoc|x64.Build.0 = Release|Any CPU
		{519A36AF-F3DD-42FB-84DB-B83AAB17DAC8}.Ad-Hoc|x64.Deploy.0 = Release|Any CPU
		{519A36AF-F3DD-42FB-84DB-B83AAB17DAC8}.Ad-Hoc|x86.ActiveCfg = Release|Any CPU
		{519A36AF-F3DD-42FB-84DB-B83AAB17DAC8}.Ad-Hoc|x86.Build.0 = Release|Any CPU
		{519A36AF-F3DD-42FB-84DB-B83AAB17DAC8}.Ad-Hoc|x86.Deploy.0 = Release|Any CPU
		{519A36AF-F3DD-42FB-84DB-B83AAB17DAC8}.AppStore|Any CPU.ActiveCfg = Release|Any CPU
		{519A36AF-F3DD-42FB-84DB-B83AAB17DAC8}.AppStore|Any CPU.Build.0 = Release|Any CPU
		{519A36AF-F3DD-42FB-84DB-B83AAB17DAC8}.AppStore|Any CPU.Deploy.0 = Release|Any CPU
		{519A36AF-F3DD-42FB-84DB-B83AAB17DAC8}.AppStore|ARM.ActiveCfg = Release|Any CPU
		{519A36AF-F3DD-42FB-84DB-B83AAB17DAC8}.AppStore|ARM.Build.0 = Release|Any CPU
		{519A36AF-F3DD-42FB-84DB-B83AAB17DAC8}.AppStore|ARM.Deploy.0 = Release|Any CPU
		{519A36AF-F3DD-42FB-84DB-B83AAB17DAC8}.AppStore|iPhone.ActiveCfg = Release|Any CPU
		{519A36AF-F3DD-42FB-84DB-B83AAB17DAC8}.AppStore|iPhone.Build.0 = Release|Any CPU
		{519A36AF-F3DD-42FB-84DB-B83AAB17DAC8}.AppStore|iPhone.Deploy.0 = Release|Any CPU
		{519A36AF-F3DD-42FB-84DB-B83AAB17DAC8}.AppStore|iPhoneSimulator.ActiveCfg = Release|Any CPU
		{519A36AF-F3DD-42FB-84DB-B83AAB17DAC8}.AppStore|iPhoneSimulator.Build.0 = Release|Any CPU
		{519A36AF-F3DD-42FB-84DB-B83AAB17DAC8}.AppStore|iPhoneSimulator.Deploy.0 = Release|Any CPU
		{519A36AF-F3DD-42FB-84DB-B83AAB17DAC8}.AppStore|x64.ActiveCfg = Release|Any CPU
		{519A36AF-F3DD-42FB-84DB-B83AAB17DAC8}.AppStore|x64.Build.0 = Release|Any CPU
		{519A36AF-F3DD-42FB-84DB-B83AAB17DAC8}.AppStore|x64.Deploy.0 = Release|Any CPU
		{519A36AF-F3DD-42FB-84DB-B83AAB17DAC8}.AppStore|x86.ActiveCfg = Release|Any CPU
		{519A36AF-F3DD-42FB-84DB-B83AAB17DAC8}.AppStore|x86.Build.0 = Release|Any CPU
		{519A36AF-F3DD-42FB-84DB-B83AAB17DAC8}.AppStore|x86.Deploy.0 = Release|Any CPU
		{519A36AF-F3DD-42FB-84DB-B83AAB17DAC8}.Debug|Any CPU.ActiveCfg = Debug|Any CPU
		{519A36AF-F3DD-42FB-84DB-B83AAB17DAC8}.Debug|Any CPU.Build.0 = Debug|Any CPU
		{519A36AF-F3DD-42FB-84DB-B83AAB17DAC8}.Debug|Any CPU.Deploy.0 = Debug|Any CPU
		{519A36AF-F3DD-42FB-84DB-B83AAB17DAC8}.Debug|ARM.ActiveCfg = Debug|Any CPU
		{519A36AF-F3DD-42FB-84DB-B83AAB17DAC8}.Debug|ARM.Build.0 = Debug|Any CPU
		{519A36AF-F3DD-42FB-84DB-B83AAB17DAC8}.Debug|ARM.Deploy.0 = Debug|Any CPU
		{519A36AF-F3DD-42FB-84DB-B83AAB17DAC8}.Debug|iPhone.ActiveCfg = Debug|Any CPU
		{519A36AF-F3DD-42FB-84DB-B83AAB17DAC8}.Debug|iPhone.Build.0 = Debug|Any CPU
		{519A36AF-F3DD-42FB-84DB-B83AAB17DAC8}.Debug|iPhone.Deploy.0 = Debug|Any CPU
		{519A36AF-F3DD-42FB-84DB-B83AAB17DAC8}.Debug|iPhoneSimulator.ActiveCfg = Debug|Any CPU
		{519A36AF-F3DD-42FB-84DB-B83AAB17DAC8}.Debug|iPhoneSimulator.Build.0 = Debug|Any CPU
		{519A36AF-F3DD-42FB-84DB-B83AAB17DAC8}.Debug|iPhoneSimulator.Deploy.0 = Debug|Any CPU
		{519A36AF-F3DD-42FB-84DB-B83AAB17DAC8}.Debug|x64.ActiveCfg = Debug|Any CPU
		{519A36AF-F3DD-42FB-84DB-B83AAB17DAC8}.Debug|x64.Build.0 = Debug|Any CPU
		{519A36AF-F3DD-42FB-84DB-B83AAB17DAC8}.Debug|x64.Deploy.0 = Debug|Any CPU
		{519A36AF-F3DD-42FB-84DB-B83AAB17DAC8}.Debug|x86.ActiveCfg = Debug|Any CPU
		{519A36AF-F3DD-42FB-84DB-B83AAB17DAC8}.Debug|x86.Build.0 = Debug|Any CPU
		{519A36AF-F3DD-42FB-84DB-B83AAB17DAC8}.Debug|x86.Deploy.0 = Debug|Any CPU
		{519A36AF-F3DD-42FB-84DB-B83AAB17DAC8}.Release|Any CPU.ActiveCfg = Release|Any CPU
		{519A36AF-F3DD-42FB-84DB-B83AAB17DAC8}.Release|Any CPU.Build.0 = Release|Any CPU
		{519A36AF-F3DD-42FB-84DB-B83AAB17DAC8}.Release|Any CPU.Deploy.0 = Release|Any CPU
		{519A36AF-F3DD-42FB-84DB-B83AAB17DAC8}.Release|ARM.ActiveCfg = Release|Any CPU
		{519A36AF-F3DD-42FB-84DB-B83AAB17DAC8}.Release|ARM.Build.0 = Release|Any CPU
		{519A36AF-F3DD-42FB-84DB-B83AAB17DAC8}.Release|ARM.Deploy.0 = Release|Any CPU
		{519A36AF-F3DD-42FB-84DB-B83AAB17DAC8}.Release|iPhone.ActiveCfg = Release|Any CPU
		{519A36AF-F3DD-42FB-84DB-B83AAB17DAC8}.Release|iPhone.Build.0 = Release|Any CPU
		{519A36AF-F3DD-42FB-84DB-B83AAB17DAC8}.Release|iPhone.Deploy.0 = Release|Any CPU
		{519A36AF-F3DD-42FB-84DB-B83AAB17DAC8}.Release|iPhoneSimulator.ActiveCfg = Release|Any CPU
		{519A36AF-F3DD-42FB-84DB-B83AAB17DAC8}.Release|iPhoneSimulator.Build.0 = Release|Any CPU
		{519A36AF-F3DD-42FB-84DB-B83AAB17DAC8}.Release|iPhoneSimulator.Deploy.0 = Release|Any CPU
		{519A36AF-F3DD-42FB-84DB-B83AAB17DAC8}.Release|x64.ActiveCfg = Release|Any CPU
		{519A36AF-F3DD-42FB-84DB-B83AAB17DAC8}.Release|x64.Build.0 = Release|Any CPU
		{519A36AF-F3DD-42FB-84DB-B83AAB17DAC8}.Release|x64.Deploy.0 = Release|Any CPU
		{519A36AF-F3DD-42FB-84DB-B83AAB17DAC8}.Release|x86.ActiveCfg = Release|Any CPU
		{519A36AF-F3DD-42FB-84DB-B83AAB17DAC8}.Release|x86.Build.0 = Release|Any CPU
		{519A36AF-F3DD-42FB-84DB-B83AAB17DAC8}.Release|x86.Deploy.0 = Release|Any CPU
		{20A7DCBF-F46F-4CD0-B860-0DE13915C30B}.Ad-Hoc|Any CPU.ActiveCfg = Release|Any CPU
		{20A7DCBF-F46F-4CD0-B860-0DE13915C30B}.Ad-Hoc|Any CPU.Build.0 = Release|Any CPU
		{20A7DCBF-F46F-4CD0-B860-0DE13915C30B}.Ad-Hoc|ARM.ActiveCfg = Release|Any CPU
		{20A7DCBF-F46F-4CD0-B860-0DE13915C30B}.Ad-Hoc|ARM.Build.0 = Release|Any CPU
		{20A7DCBF-F46F-4CD0-B860-0DE13915C30B}.Ad-Hoc|iPhone.ActiveCfg = Release|Any CPU
		{20A7DCBF-F46F-4CD0-B860-0DE13915C30B}.Ad-Hoc|iPhone.Build.0 = Release|Any CPU
		{20A7DCBF-F46F-4CD0-B860-0DE13915C30B}.Ad-Hoc|iPhoneSimulator.ActiveCfg = Release|Any CPU
		{20A7DCBF-F46F-4CD0-B860-0DE13915C30B}.Ad-Hoc|iPhoneSimulator.Build.0 = Release|Any CPU
		{20A7DCBF-F46F-4CD0-B860-0DE13915C30B}.Ad-Hoc|x64.ActiveCfg = Release|Any CPU
		{20A7DCBF-F46F-4CD0-B860-0DE13915C30B}.Ad-Hoc|x64.Build.0 = Release|Any CPU
		{20A7DCBF-F46F-4CD0-B860-0DE13915C30B}.Ad-Hoc|x86.ActiveCfg = Release|Any CPU
		{20A7DCBF-F46F-4CD0-B860-0DE13915C30B}.Ad-Hoc|x86.Build.0 = Release|Any CPU
		{20A7DCBF-F46F-4CD0-B860-0DE13915C30B}.AppStore|Any CPU.ActiveCfg = Release|Any CPU
		{20A7DCBF-F46F-4CD0-B860-0DE13915C30B}.AppStore|Any CPU.Build.0 = Release|Any CPU
		{20A7DCBF-F46F-4CD0-B860-0DE13915C30B}.AppStore|ARM.ActiveCfg = Release|Any CPU
		{20A7DCBF-F46F-4CD0-B860-0DE13915C30B}.AppStore|ARM.Build.0 = Release|Any CPU
		{20A7DCBF-F46F-4CD0-B860-0DE13915C30B}.AppStore|iPhone.ActiveCfg = Release|Any CPU
		{20A7DCBF-F46F-4CD0-B860-0DE13915C30B}.AppStore|iPhone.Build.0 = Release|Any CPU
		{20A7DCBF-F46F-4CD0-B860-0DE13915C30B}.AppStore|iPhoneSimulator.ActiveCfg = Release|Any CPU
		{20A7DCBF-F46F-4CD0-B860-0DE13915C30B}.AppStore|iPhoneSimulator.Build.0 = Release|Any CPU
		{20A7DCBF-F46F-4CD0-B860-0DE13915C30B}.AppStore|x64.ActiveCfg = Release|Any CPU
		{20A7DCBF-F46F-4CD0-B860-0DE13915C30B}.AppStore|x64.Build.0 = Release|Any CPU
		{20A7DCBF-F46F-4CD0-B860-0DE13915C30B}.AppStore|x86.ActiveCfg = Release|Any CPU
		{20A7DCBF-F46F-4CD0-B860-0DE13915C30B}.AppStore|x86.Build.0 = Release|Any CPU
		{20A7DCBF-F46F-4CD0-B860-0DE13915C30B}.Debug|Any CPU.ActiveCfg = Debug|Any CPU
		{20A7DCBF-F46F-4CD0-B860-0DE13915C30B}.Debug|Any CPU.Build.0 = Debug|Any CPU
		{20A7DCBF-F46F-4CD0-B860-0DE13915C30B}.Debug|ARM.ActiveCfg = Debug|Any CPU
		{20A7DCBF-F46F-4CD0-B860-0DE13915C30B}.Debug|ARM.Build.0 = Debug|Any CPU
		{20A7DCBF-F46F-4CD0-B860-0DE13915C30B}.Debug|iPhone.ActiveCfg = Debug|Any CPU
		{20A7DCBF-F46F-4CD0-B860-0DE13915C30B}.Debug|iPhone.Build.0 = Debug|Any CPU
		{20A7DCBF-F46F-4CD0-B860-0DE13915C30B}.Debug|iPhoneSimulator.ActiveCfg = Debug|Any CPU
		{20A7DCBF-F46F-4CD0-B860-0DE13915C30B}.Debug|iPhoneSimulator.Build.0 = Debug|Any CPU
		{20A7DCBF-F46F-4CD0-B860-0DE13915C30B}.Debug|x64.ActiveCfg = Debug|Any CPU
		{20A7DCBF-F46F-4CD0-B860-0DE13915C30B}.Debug|x64.Build.0 = Debug|Any CPU
		{20A7DCBF-F46F-4CD0-B860-0DE13915C30B}.Debug|x86.ActiveCfg = Debug|Any CPU
		{20A7DCBF-F46F-4CD0-B860-0DE13915C30B}.Debug|x86.Build.0 = Debug|Any CPU
		{20A7DCBF-F46F-4CD0-B860-0DE13915C30B}.Release|Any CPU.ActiveCfg = Release|Any CPU
		{20A7DCBF-F46F-4CD0-B860-0DE13915C30B}.Release|Any CPU.Build.0 = Release|Any CPU
		{20A7DCBF-F46F-4CD0-B860-0DE13915C30B}.Release|ARM.ActiveCfg = Release|Any CPU
		{20A7DCBF-F46F-4CD0-B860-0DE13915C30B}.Release|ARM.Build.0 = Release|Any CPU
		{20A7DCBF-F46F-4CD0-B860-0DE13915C30B}.Release|iPhone.ActiveCfg = Release|Any CPU
		{20A7DCBF-F46F-4CD0-B860-0DE13915C30B}.Release|iPhone.Build.0 = Release|Any CPU
		{20A7DCBF-F46F-4CD0-B860-0DE13915C30B}.Release|iPhoneSimulator.ActiveCfg = Release|Any CPU
		{20A7DCBF-F46F-4CD0-B860-0DE13915C30B}.Release|iPhoneSimulator.Build.0 = Release|Any CPU
		{20A7DCBF-F46F-4CD0-B860-0DE13915C30B}.Release|x64.ActiveCfg = Release|Any CPU
		{20A7DCBF-F46F-4CD0-B860-0DE13915C30B}.Release|x64.Build.0 = Release|Any CPU
		{20A7DCBF-F46F-4CD0-B860-0DE13915C30B}.Release|x86.ActiveCfg = Release|Any CPU
		{20A7DCBF-F46F-4CD0-B860-0DE13915C30B}.Release|x86.Build.0 = Release|Any CPU
		{C773722A-65AE-472E-AE64-E8AB2C6AE27F}.Ad-Hoc|Any CPU.ActiveCfg = Release|x86
		{C773722A-65AE-472E-AE64-E8AB2C6AE27F}.Ad-Hoc|Any CPU.Build.0 = Release|x86
		{C773722A-65AE-472E-AE64-E8AB2C6AE27F}.Ad-Hoc|Any CPU.Deploy.0 = Release|x86
		{C773722A-65AE-472E-AE64-E8AB2C6AE27F}.Ad-Hoc|ARM.ActiveCfg = Release|ARM
		{C773722A-65AE-472E-AE64-E8AB2C6AE27F}.Ad-Hoc|ARM.Build.0 = Release|ARM
		{C773722A-65AE-472E-AE64-E8AB2C6AE27F}.Ad-Hoc|ARM.Deploy.0 = Release|ARM
		{C773722A-65AE-472E-AE64-E8AB2C6AE27F}.Ad-Hoc|iPhone.ActiveCfg = Release|x86
		{C773722A-65AE-472E-AE64-E8AB2C6AE27F}.Ad-Hoc|iPhone.Build.0 = Release|x86
		{C773722A-65AE-472E-AE64-E8AB2C6AE27F}.Ad-Hoc|iPhone.Deploy.0 = Release|x86
		{C773722A-65AE-472E-AE64-E8AB2C6AE27F}.Ad-Hoc|iPhoneSimulator.ActiveCfg = Release|x86
		{C773722A-65AE-472E-AE64-E8AB2C6AE27F}.Ad-Hoc|iPhoneSimulator.Build.0 = Release|x86
		{C773722A-65AE-472E-AE64-E8AB2C6AE27F}.Ad-Hoc|iPhoneSimulator.Deploy.0 = Release|x86
		{C773722A-65AE-472E-AE64-E8AB2C6AE27F}.Ad-Hoc|x64.ActiveCfg = Release|x64
		{C773722A-65AE-472E-AE64-E8AB2C6AE27F}.Ad-Hoc|x64.Build.0 = Release|x64
		{C773722A-65AE-472E-AE64-E8AB2C6AE27F}.Ad-Hoc|x64.Deploy.0 = Release|x64
		{C773722A-65AE-472E-AE64-E8AB2C6AE27F}.Ad-Hoc|x86.ActiveCfg = Release|x86
		{C773722A-65AE-472E-AE64-E8AB2C6AE27F}.Ad-Hoc|x86.Build.0 = Release|x86
		{C773722A-65AE-472E-AE64-E8AB2C6AE27F}.Ad-Hoc|x86.Deploy.0 = Release|x86
		{C773722A-65AE-472E-AE64-E8AB2C6AE27F}.AppStore|Any CPU.ActiveCfg = Release|x86
		{C773722A-65AE-472E-AE64-E8AB2C6AE27F}.AppStore|Any CPU.Build.0 = Release|x86
		{C773722A-65AE-472E-AE64-E8AB2C6AE27F}.AppStore|Any CPU.Deploy.0 = Release|x86
		{C773722A-65AE-472E-AE64-E8AB2C6AE27F}.AppStore|ARM.ActiveCfg = Release|ARM
		{C773722A-65AE-472E-AE64-E8AB2C6AE27F}.AppStore|ARM.Build.0 = Release|ARM
		{C773722A-65AE-472E-AE64-E8AB2C6AE27F}.AppStore|ARM.Deploy.0 = Release|ARM
		{C773722A-65AE-472E-AE64-E8AB2C6AE27F}.AppStore|iPhone.ActiveCfg = Release|x86
		{C773722A-65AE-472E-AE64-E8AB2C6AE27F}.AppStore|iPhone.Build.0 = Release|x86
		{C773722A-65AE-472E-AE64-E8AB2C6AE27F}.AppStore|iPhone.Deploy.0 = Release|x86
		{C773722A-65AE-472E-AE64-E8AB2C6AE27F}.AppStore|iPhoneSimulator.ActiveCfg = Release|x86
		{C773722A-65AE-472E-AE64-E8AB2C6AE27F}.AppStore|iPhoneSimulator.Build.0 = Release|x86
		{C773722A-65AE-472E-AE64-E8AB2C6AE27F}.AppStore|iPhoneSimulator.Deploy.0 = Release|x86
		{C773722A-65AE-472E-AE64-E8AB2C6AE27F}.AppStore|x64.ActiveCfg = Release|x64
		{C773722A-65AE-472E-AE64-E8AB2C6AE27F}.AppStore|x64.Build.0 = Release|x64
		{C773722A-65AE-472E-AE64-E8AB2C6AE27F}.AppStore|x64.Deploy.0 = Release|x64
		{C773722A-65AE-472E-AE64-E8AB2C6AE27F}.AppStore|x86.ActiveCfg = Release|x86
		{C773722A-65AE-472E-AE64-E8AB2C6AE27F}.AppStore|x86.Build.0 = Release|x86
		{C773722A-65AE-472E-AE64-E8AB2C6AE27F}.AppStore|x86.Deploy.0 = Release|x86
		{C773722A-65AE-472E-AE64-E8AB2C6AE27F}.Debug|Any CPU.ActiveCfg = Debug|x86
		{C773722A-65AE-472E-AE64-E8AB2C6AE27F}.Debug|Any CPU.Build.0 = Debug|x86
		{C773722A-65AE-472E-AE64-E8AB2C6AE27F}.Debug|Any CPU.Deploy.0 = Debug|x86
		{C773722A-65AE-472E-AE64-E8AB2C6AE27F}.Debug|ARM.ActiveCfg = Debug|ARM
		{C773722A-65AE-472E-AE64-E8AB2C6AE27F}.Debug|ARM.Build.0 = Debug|ARM
		{C773722A-65AE-472E-AE64-E8AB2C6AE27F}.Debug|ARM.Deploy.0 = Debug|ARM
		{C773722A-65AE-472E-AE64-E8AB2C6AE27F}.Debug|iPhone.ActiveCfg = Debug|x86
		{C773722A-65AE-472E-AE64-E8AB2C6AE27F}.Debug|iPhoneSimulator.ActiveCfg = Debug|x86
		{C773722A-65AE-472E-AE64-E8AB2C6AE27F}.Debug|x64.ActiveCfg = Debug|x64
		{C773722A-65AE-472E-AE64-E8AB2C6AE27F}.Debug|x64.Build.0 = Debug|x64
		{C773722A-65AE-472E-AE64-E8AB2C6AE27F}.Debug|x64.Deploy.0 = Debug|x64
		{C773722A-65AE-472E-AE64-E8AB2C6AE27F}.Debug|x86.ActiveCfg = Debug|x86
		{C773722A-65AE-472E-AE64-E8AB2C6AE27F}.Debug|x86.Build.0 = Debug|x86
		{C773722A-65AE-472E-AE64-E8AB2C6AE27F}.Debug|x86.Deploy.0 = Debug|x86
		{C773722A-65AE-472E-AE64-E8AB2C6AE27F}.Release|Any CPU.ActiveCfg = Release|x86
		{C773722A-65AE-472E-AE64-E8AB2C6AE27F}.Release|ARM.ActiveCfg = Release|ARM
		{C773722A-65AE-472E-AE64-E8AB2C6AE27F}.Release|ARM.Build.0 = Release|ARM
		{C773722A-65AE-472E-AE64-E8AB2C6AE27F}.Release|ARM.Deploy.0 = Release|ARM
		{C773722A-65AE-472E-AE64-E8AB2C6AE27F}.Release|iPhone.ActiveCfg = Release|x86
		{C773722A-65AE-472E-AE64-E8AB2C6AE27F}.Release|iPhoneSimulator.ActiveCfg = Release|x86
		{C773722A-65AE-472E-AE64-E8AB2C6AE27F}.Release|x64.ActiveCfg = Release|x64
		{C773722A-65AE-472E-AE64-E8AB2C6AE27F}.Release|x64.Build.0 = Release|x64
		{C773722A-65AE-472E-AE64-E8AB2C6AE27F}.Release|x64.Deploy.0 = Release|x64
		{C773722A-65AE-472E-AE64-E8AB2C6AE27F}.Release|x86.ActiveCfg = Release|x86
		{C773722A-65AE-472E-AE64-E8AB2C6AE27F}.Release|x86.Build.0 = Release|x86
		{C773722A-65AE-472E-AE64-E8AB2C6AE27F}.Release|x86.Deploy.0 = Release|x86
		{09E0DB26-9815-468D-A3F9-E3E835C1D842}.Ad-Hoc|Any CPU.ActiveCfg = Ad-Hoc|iPhone
		{09E0DB26-9815-468D-A3F9-E3E835C1D842}.Ad-Hoc|ARM.ActiveCfg = Ad-Hoc|iPhone
		{09E0DB26-9815-468D-A3F9-E3E835C1D842}.Ad-Hoc|iPhone.ActiveCfg = Ad-Hoc|iPhone
		{09E0DB26-9815-468D-A3F9-E3E835C1D842}.Ad-Hoc|iPhone.Build.0 = Ad-Hoc|iPhone
		{09E0DB26-9815-468D-A3F9-E3E835C1D842}.Ad-Hoc|iPhoneSimulator.ActiveCfg = Ad-Hoc|iPhoneSimulator
		{09E0DB26-9815-468D-A3F9-E3E835C1D842}.Ad-Hoc|iPhoneSimulator.Build.0 = Ad-Hoc|iPhoneSimulator
		{09E0DB26-9815-468D-A3F9-E3E835C1D842}.Ad-Hoc|x64.ActiveCfg = Ad-Hoc|iPhone
		{09E0DB26-9815-468D-A3F9-E3E835C1D842}.Ad-Hoc|x86.ActiveCfg = Ad-Hoc|iPhone
		{09E0DB26-9815-468D-A3F9-E3E835C1D842}.AppStore|Any CPU.ActiveCfg = AppStore|iPhone
		{09E0DB26-9815-468D-A3F9-E3E835C1D842}.AppStore|ARM.ActiveCfg = AppStore|iPhone
		{09E0DB26-9815-468D-A3F9-E3E835C1D842}.AppStore|iPhone.ActiveCfg = AppStore|iPhone
		{09E0DB26-9815-468D-A3F9-E3E835C1D842}.AppStore|iPhone.Build.0 = AppStore|iPhone
		{09E0DB26-9815-468D-A3F9-E3E835C1D842}.AppStore|iPhoneSimulator.ActiveCfg = AppStore|iPhoneSimulator
		{09E0DB26-9815-468D-A3F9-E3E835C1D842}.AppStore|iPhoneSimulator.Build.0 = AppStore|iPhoneSimulator
		{09E0DB26-9815-468D-A3F9-E3E835C1D842}.AppStore|x64.ActiveCfg = AppStore|iPhone
		{09E0DB26-9815-468D-A3F9-E3E835C1D842}.AppStore|x86.ActiveCfg = AppStore|iPhone
		{09E0DB26-9815-468D-A3F9-E3E835C1D842}.Debug|Any CPU.ActiveCfg = Debug|iPhone
		{09E0DB26-9815-468D-A3F9-E3E835C1D842}.Debug|ARM.ActiveCfg = Debug|iPhone
		{09E0DB26-9815-468D-A3F9-E3E835C1D842}.Debug|iPhone.ActiveCfg = Debug|iPhone
		{09E0DB26-9815-468D-A3F9-E3E835C1D842}.Debug|iPhone.Build.0 = Debug|iPhone
		{09E0DB26-9815-468D-A3F9-E3E835C1D842}.Debug|iPhoneSimulator.ActiveCfg = Debug|iPhoneSimulator
		{09E0DB26-9815-468D-A3F9-E3E835C1D842}.Debug|iPhoneSimulator.Build.0 = Debug|iPhoneSimulator
		{09E0DB26-9815-468D-A3F9-E3E835C1D842}.Debug|x64.ActiveCfg = Debug|iPhone
		{09E0DB26-9815-468D-A3F9-E3E835C1D842}.Debug|x86.ActiveCfg = Debug|iPhone
		{09E0DB26-9815-468D-A3F9-E3E835C1D842}.Release|Any CPU.ActiveCfg = Release|iPhone
		{09E0DB26-9815-468D-A3F9-E3E835C1D842}.Release|ARM.ActiveCfg = Release|iPhone
		{09E0DB26-9815-468D-A3F9-E3E835C1D842}.Release|iPhone.ActiveCfg = Release|iPhone
		{09E0DB26-9815-468D-A3F9-E3E835C1D842}.Release|iPhone.Build.0 = Release|iPhone
		{09E0DB26-9815-468D-A3F9-E3E835C1D842}.Release|iPhoneSimulator.ActiveCfg = Release|iPhoneSimulator
		{09E0DB26-9815-468D-A3F9-E3E835C1D842}.Release|iPhoneSimulator.Build.0 = Release|iPhoneSimulator
		{09E0DB26-9815-468D-A3F9-E3E835C1D842}.Release|x64.ActiveCfg = Release|iPhone
		{09E0DB26-9815-468D-A3F9-E3E835C1D842}.Release|x86.ActiveCfg = Release|iPhone
	EndGlobalSection
	GlobalSection(SolutionProperties) = preSolution
		HideSolutionNode = FALSE
	EndGlobalSection
EndGlobal
